PODS:
  - Alamofire (4.0.1)
  - AlamofireObjectMapper (4.0.0):
    - Alamofire (~> 4.0)
    - ObjectMapper (~> 2.0)
  - AwesomeCache (4.0)
  - Kingfisher (3.2.0)
  - ObjectMapper (2.2.1)
  - PKHUD (3.2.1)
  - RongCloudIMKit (2.7.3)
  - SnapKit (3.0.2)
  - SwiftyJSON (3.1.1)

DEPENDENCIES:
  - Alamofire
  - AlamofireObjectMapper
  - AwesomeCache (from `https://github.com/aschuch/AwesomeCache.git`)
  - Kingfisher
  - PKHUD (from `https://github.com/toyship/PKHUD.git`)
  - RongCloudIMKit (~> 2.7.3)
  - SnapKit
  - SwiftyJSON

EXTERNAL SOURCES:
  AwesomeCache:
    :git: https://github.com/aschuch/AwesomeCache.git
  PKHUD:
    :git: https://github.com/toyship/PKHUD.git

CHECKOUT OPTIONS:
  AwesomeCache:
    :commit: 2328030804551aa37556185a08f99f392148c454
    :git: https://github.com/aschuch/AwesomeCache.git
  PKHUD:
    :commit: 28fb970b41d63134e962f9da766b96670c0f55f0
    :git: https://github.com/toyship/PKHUD.git

SPEC CHECKSUMS:
  Alamofire: 7682d43245de14874acd142ec137b144aa1dd335
  AlamofireObjectMapper: 9faa3ce5a240efda1b209009a2d6e1e949227abc
  AwesomeCache: bffbbf8933a8ab29e6e389827c15862c65f9ddbe
  Kingfisher: 50407d1d5dbc34965009d425a286342ff36a84ea
  ObjectMapper: 41e43e1a89f8060ef5ea5d04ba852e269a621d68
  PKHUD: 001c11518f125a273ddf026bcc64918423744ea2
  RongCloudIMKit: 0b93700b17d224c7c213815b8a23a9c356fe20e2
  SnapKit: 2e456761aa92d4d4067a7a5594c18769d451a8ad
  SwiftyJSON: f0be2e604f83e8405a624e9f891898bf6ed4e019

PODFILE CHECKSUM: 80c6fcabea2af60b8dd52d3122b06e89c8598d5e

COCOAPODS: 1.1.0.beta.2
